
Microsoft Visual Studio Solution File, Format Version 12.00
# Visual Studio Version 17
VisualStudioVersion = 17.4.33213.308
MinimumVisualStudioVersion = 10.0.40219.1
Project("{FAE04EC0-301F-11D3-BF4B-00C04F79EFBC}") = "Jagged Arrays", "Jagged Arrays\Jagged Arrays.csproj", "{8C94D393-7767-4956-B05F-B740F964DFCF}"
EndProject
Global
	GlobalSection(SolutionConfigurationPlatforms) = preSolution
		Debug|Any CPU = Debug|Any CPU
		Release|Any CPU = Release|Any CPU
	EndGlobalSection
	GlobalSection(ProjectConfigurationPlatforms) = postSolution
		{8C94D393-7767-4956-B05F-B740F964DFCF}.Debug|Any CPU.ActiveCfg = Debug|Any CPU
		{8C94D393-7767-4956-B05F-B740F964DFCF}.Debug|Any CPU.Build.0 = Debug|Any CPU
		{8C94D393-7767-4956-B05F-B740F964DFCF}.Release|Any CPU.ActiveCfg = Release|Any CPU
		{8C94D393-7767-4956-B05F-B740F964DFCF}.Release|Any CPU.Build.0 = Release|Any CPU
	EndGlobalSection
	GlobalSection(SolutionProperties) = preSolution
		HideSolutionNode = FALSE
	EndGlobalSection
	GlobalSection(ExtensibilityGlobals) = postSolution
		SolutionGuid = {DBEC3112-B371-4039-A6D1-6450495DBB66}
	EndGlobalSection
EndGlobal
